
Microsoft Visual Studio Solution File, Format Version 12.00
# Visual Studio Version 16
VisualStudioVersion = 16.0.30621.155
MinimumVisualStudioVersion = 10.0.40219.1
Project("{FAE04EC0-301F-11D3-BF4B-00C04F79EFBC}") = "ToDoFrontend", "ToDoFrontend\ToDoFrontend.csproj", "{987F12A8-E0C7-4476-B9D3-9039AD5E21F5}"
EndProject
Global
	GlobalSection(SolutionConfigurationPlatforms) = preSolution
		Debug|Any CPU = Debug|Any CPU
		Release|Any CPU = Release|Any CPU
	EndGlobalSection
	GlobalSection(ProjectConfigurationPlatforms) = postSolution
		{987F12A8-E0C7-4476-B9D3-9039AD5E21F5}.Debug|Any CPU.ActiveCfg = Debug|Any CPU
		{987F12A8-E0C7-4476-B9D3-9039AD5E21F5}.Debug|Any CPU.Build.0 = Debug|Any CPU
		{987F12A8-E0C7-4476-B9D3-9039AD5E21F5}.Release|Any CPU.ActiveCfg = Release|Any CPU
		{987F12A8-E0C7-4476-B9D3-9039AD5E21F5}.Release|Any CPU.Build.0 = Release|Any CPU
	EndGlobalSection
	GlobalSection(SolutionProperties) = preSolution
		HideSolutionNode = FALSE
	EndGlobalSection
	GlobalSection(ExtensibilityGlobals) = postSolution
		SolutionGuid = {2CCF90E1-80DE-4D32-B963-FAC7C0665516}
	EndGlobalSection
EndGlobal
